
Microsoft Visual Studio Solution File, Format Version 12.00
# Visual Studio Version 17
VisualStudioVersion = 17.14.36915.13 d17.14
MinimumVisualStudioVersion = 10.0.40219.1
Project("{FAE04EC0-301F-11D3-BF4B-00C04F79EFBC}") = "FTLSV2", "FTLSV2.csproj", "{0B65893A-AAF1-8446-3683-2447935715FA}"
EndProject
Global
	GlobalSection(SolutionConfigurationPlatforms) = preSolution
		Debug|Any CPU = Debug|Any CPU
		Release|Any CPU = Release|Any CPU
	EndGlobalSection
	GlobalSection(ProjectConfigurationPlatforms) = postSolution
		{0B65893A-AAF1-8446-3683-2447935715FA}.Debug|Any CPU.ActiveCfg = Debug|Any CPU
		{0B65893A-AAF1-8446-3683-2447935715FA}.Debug|Any CPU.Build.0 = Debug|Any CPU
		{0B65893A-AAF1-8446-3683-2447935715FA}.Release|Any CPU.ActiveCfg = Release|Any CPU
		{0B65893A-AAF1-8446-3683-2447935715FA}.Release|Any CPU.Build.0 = Release|Any CPU
	EndGlobalSection
	GlobalSection(SolutionProperties) = preSolution
		HideSolutionNode = FALSE
	EndGlobalSection
	GlobalSection(ExtensibilityGlobals) = postSolution
		SolutionGuid = {1D5CCB72-BD34-47F8-BFD2-6CBD00F80ECD}
	EndGlobalSection
EndGlobal
